
Microsoft Visual Studio Solution File, Format Version 12.00
# Visual Studio Version 17
VisualStudioVersion = 17.8.34316.72
MinimumVisualStudioVersion = 10.0.40219.1
Project("{FAE04EC0-301F-11D3-BF4B-00C04F79EFBC}") = "Entrada Proceso y Salida", "Entrada Proceso y Salida\Entrada Proceso y Salida.csproj", "{2F23C4EF-C5B5-4732-B33B-484B811698AA}"
EndProject
Global
	GlobalSection(SolutionConfigurationPlatforms) = preSolution
		Debug|Any CPU = Debug|Any CPU
		Release|Any CPU = Release|Any CPU
	EndGlobalSection
	GlobalSection(ProjectConfigurationPlatforms) = postSolution
		{2F23C4EF-C5B5-4732-B33B-484B811698AA}.Debug|Any CPU.ActiveCfg = Debug|Any CPU
		{2F23C4EF-C5B5-4732-B33B-484B811698AA}.Debug|Any CPU.Build.0 = Debug|Any CPU
		{2F23C4EF-C5B5-4732-B33B-484B811698AA}.Release|Any CPU.ActiveCfg = Release|Any CPU
		{2F23C4EF-C5B5-4732-B33B-484B811698AA}.Release|Any CPU.Build.0 = Release|Any CPU
	EndGlobalSection
	GlobalSection(SolutionProperties) = preSolution
		HideSolutionNode = FALSE
	EndGlobalSection
	GlobalSection(ExtensibilityGlobals) = postSolution
		SolutionGuid = {11D9853F-2B8B-466E-ABCB-EB82BCC17C31}
	EndGlobalSection
EndGlobal
